{
  "originHash" : "2feedce07c45c5a6f173978c5d6d2ff4fcb080192f8476bf077b49a444515aeb",
  "pins" : [
    {
      "identity" : "couchbase-lite-vector-search-spm",
      "kind" : "remoteSourceControl",
      "location" : "https://github.com/couchbase/couchbase-lite-vector-search-spm.git",
      "state" : {
        "revision" : "451c3390f207b2610f3a2d8e7a9a9282fe6b76c8",
        "version" : "1.0.0"
      }
    }
  ],
  "version" : 3
}
