// !$*UTF8*$!
{
	archiveVersion = 1;
	classes = {
	};
	objectVersion = 77;
	objects = {

/* Begin PBXBuildFile section */
		A76B81282FA4679A00ADD7F0 /* CouchbaseLiteSwift in Frameworks */ = {isa = PBXBuildFile; productRef = A76B81272FA4679A00ADD7F0 /* CouchbaseLiteSwift */; };
		A76B812A2FA467A500ADD7F0 /* CouchbaseLiteVectorSearch in Frameworks */ = {isa = PBXBuildFile; productRef = A76B81292FA467A500ADD7F0 /* CouchbaseLiteVectorSearch */; };
/* End PBXBuildFile section */

/* Begin PBXContainerItemProxy section */
		D1903E132E30D615003C066C /* PBXContainerItemProxy */ = {
			isa = PBXContainerItemProxy;
			containerPortal = D1903DFD2E30D614003C066C /* Project object */;
			proxyType = 1;
			remoteGlobalIDString = D1903E042E30D614003C066C;
			remoteInfo = DocumentVault;
		};
		D1903E1D2E30D615003C066C /* PBXContainerItemProxy */ = {
			isa = PBXContainerItemProxy;
			containerPortal = D1903DFD2E30D614003C066C /* Project object */;
			proxyType = 1;
			remoteGlobalIDString = D1903E042E30D614003C066C;
			remoteInfo = DocumentVault;
		};
/* End PBXContainerItemProxy section */

/* Begin PBXCopyFilesBuildPhase section */
		D19370732E8C009700728295 /* Embed Frameworks */ = {
			isa = PBXCopyFilesBuildPhase;
			buildActionMask = 2147483647;
			dstPath = "";
			dstSubfolderSpec = 10;
			files = (
			);
			name = "Embed Frameworks";
			runOnlyForDeploymentPostprocessing = 0;
		};
/* End PBXCopyFilesBuildPhase section */

/* Begin PBXFileReference section */
		D1903E052E30D614003C066C /* DocumentVault.app */ = {isa = PBXFileReference; explicitFileType = wrapper.application; includeInIndex = 0; path = DocumentVault.app; sourceTree = BUILT_PRODUCTS_DIR; };
		D1903E122E30D615003C066C /* DocumentVaultTests.xctest */ = {isa = PBXFileReference; explicitFileType = wrapper.cfbundle; includeInIndex = 0; path = DocumentVaultTests.xctest; sourceTree = BUILT_PRODUCTS_DIR; };
		D1903E1C2E30D615003C066C /* DocumentVaultUITests.xctest */ = {isa = PBXFileReference; explicitFileType = wrapper.cfbundle; includeInIndex = 0; path = DocumentVaultUITests.xctest; sourceTree = BUILT_PRODUCTS_DIR; };
/* End PBXFileReference section */

/* Begin PBXFileSystemSynchronizedBuildFileExceptionSet section */
		D1903F292E51C338003C066C /* Exceptions for "DocumentVault" folder in "DocumentVault" target */ = {
			isa = PBXFileSystemSynchronizedBuildFileExceptionSet;
			membershipExceptions = (
				Info.plist,
			);
			target = D1903E042E30D614003C066C /* DocumentVault */;
		};
/* End PBXFileSystemSynchronizedBuildFileExceptionSet section */

/* Begin PBXFileSystemSynchronizedRootGroup section */
		D1903E072E30D614003C066C /* DocumentVault */ = {
			isa = PBXFileSystemSynchronizedRootGroup;
			exceptions = (
				D1903F292E51C338003C066C /* Exceptions for "DocumentVault" folder in "DocumentVault" target */,
			);
			path = DocumentVault;
			sourceTree = "<group>";
		};
		D1903E152E30D615003C066C /* DocumentVaultTests */ = {
			isa = PBXFileSystemSynchronizedRootGroup;
			path = DocumentVaultTests;
			sourceTree = "<group>";
		};
		D1903E1F2E30D615003C066C /* DocumentVaultUITests */ = {
			isa = PBXFileSystemSynchronizedRootGroup;
			path = DocumentVaultUITests;
			sourceTree = "<group>";
		};
/* End PBXFileSystemSynchronizedRootGroup section */

/* Begin PBXFrameworksBuildPhase section */
		D1903E022E30D614003C066C /* Frameworks */ = {
			isa = PBXFrameworksBuildPhase;
			buildActionMask = 2147483647;
			files = (
				A76B81282FA4679A00ADD7F0 /* CouchbaseLiteSwift in Frameworks */,
				A76B812A2FA467A500ADD7F0 /* CouchbaseLiteVectorSearch in Frameworks */,
			);
			runOnlyForDeploymentPostprocessing = 0;
		};
		D1903E0F2E30D615003C066C /* Frameworks */ = {
			isa = PBXFrameworksBuildPhase;
			buildActionMask = 2147483647;
			files = (
			);
			runOnlyForDeploymentPostprocessing = 0;
		};
		D1903E192E30D615003C066C /* Frameworks */ = {
			isa = PBXFrameworksBuildPhase;
			buildActionMask = 2147483647;
			files = (
			);
			runOnlyForDeploymentPostprocessing = 0;
		};
/* End PBXFrameworksBuildPhase section */

/* Begin PBXGroup section */
		D1903DFC2E30D614003C066C = {
			isa = PBXGroup;
			children = (
				D1903E072E30D614003C066C /* DocumentVault */,
				D1903E152E30D615003C066C /* DocumentVaultTests */,
				D1903E1F2E30D615003C066C /* DocumentVaultUITests */,
				D1E468832EA220E500588E29 /* Frameworks */,
				D1903E062E30D614003C066C /* Products */,
			);
			sourceTree = "<group>";
		};
		D1903E062E30D614003C066C /* Products */ = {
			isa = PBXGroup;
			children = (
				D1903E052E30D614003C066C /* DocumentVault.app */,
				D1903E122E30D615003C066C /* DocumentVaultTests.xctest */,
				D1903E1C2E30D615003C066C /* DocumentVaultUITests.xctest */,
			);
			name = Products;
			sourceTree = "<group>";
		};
		D1E468832EA220E500588E29 /* Frameworks */ = {
			isa = PBXGroup;
			children = (
			);
			name = Frameworks;
			sourceTree = "<group>";
		};
/* End PBXGroup section */

/* Begin PBXNativeTarget section */
		D1903E042E30D614003C066C /* DocumentVault */ = {
			isa = PBXNativeTarget;
			buildConfigurationList = D1903E262E30D615003C066C /* Build configuration list for PBXNativeTarget "DocumentVault" */;
			buildPhases = (
				D1903E012E30D614003C066C /* Sources */,
				D1903E022E30D614003C066C /* Frameworks */,
				D1903E032E30D614003C066C /* Resources */,
				D19370732E8C009700728295 /* Embed Frameworks */,
			);
			buildRules = (
			);
			dependencies = (
			);
			fileSystemSynchronizedGroups = (
				D1903E072E30D614003C066C /* DocumentVault */,
			);
			name = DocumentVault;
			packageProductDependencies = (
				A76B81272FA4679A00ADD7F0 /* CouchbaseLiteSwift */,
				A76B81292FA467A500ADD7F0 /* CouchbaseLiteVectorSearch */,
			);
			productName = DocumentVault;
			productReference = D1903E052E30D614003C066C /* DocumentVault.app */;
			productType = "com.apple.product-type.application";
		};
		D1903E112E30D615003C066C /* DocumentVaultTests */ = {
			isa = PBXNativeTarget;
			buildConfigurationList = D1903E292E30D615003C066C /* Build configuration list for PBXNativeTarget "DocumentVaultTests" */;
			buildPhases = (
				D1903E0E2E30D615003C066C /* Sources */,
				D1903E0F2E30D615003C066C /* Frameworks */,
				D1903E102E30D615003C066C /* Resources */,
			);
			buildRules = (
			);
			dependencies = (
				D1903E142E30D615003C066C /* PBXTargetDependency */,
			);
			fileSystemSynchronizedGroups = (
				D1903E152E30D615003C066C /* DocumentVaultTests */,
			);
			name = DocumentVaultTests;
			packageProductDependencies = (
			);
			productName = DocumentVaultTests;
			productReference = D1903E122E30D615003C066C /* DocumentVaultTests.xctest */;
			productType = "com.apple.product-type.bundle.unit-test";
		};
		D1903E1B2E30D615003C066C /* DocumentVaultUITests */ = {
			isa = PBXNativeTarget;
			buildConfigurationList = D1903E2C2E30D615003C066C /* Build configuration list for PBXNativeTarget "DocumentVaultUITests" */;
			buildPhases = (
				D1903E182E30D615003C066C /* Sources */,
				D1903E192E30D615003C066C /* Frameworks */,
				D1903E1A2E30D615003C066C /* Resources */,
			);
			buildRules = (
			);
			dependencies = (
				D1903E1E2E30D615003C066C /* PBXTargetDependency */,
			);
			fileSystemSynchronizedGroups = (
				D1903E1F2E30D615003C066C /* DocumentVaultUITests */,
			);
			name = DocumentVaultUITests;
			packageProductDependencies = (
			);
			productName = DocumentVaultUITests;
			productReference = D1903E1C2E30D615003C066C /* DocumentVaultUITests.xctest */;
			productType = "com.apple.product-type.bundle.ui-testing";
		};
/* End PBXNativeTarget section */

/* Begin PBXProject section */
		D1903DFD2E30D614003C066C /* Project object */ = {
			isa = PBXProject;
			attributes = {
				BuildIndependentTargetsInParallel = 1;
				LastSwiftUpdateCheck = 1640;
				LastUpgradeCheck = 2630;
				TargetAttributes = {
					D1903E042E30D614003C066C = {
						CreatedOnToolsVersion = 16.4;
					};
					D1903E112E30D615003C066C = {
						CreatedOnToolsVersion = 16.4;
						TestTargetID = D1903E042E30D614003C066C;
					};
					D1903E1B2E30D615003C066C = {
						CreatedOnToolsVersion = 16.4;
						TestTargetID = D1903E042E30D614003C066C;
					};
				};
			};
			buildConfigurationList = D1903E002E30D614003C066C /* Build configuration list for PBXProject "DocumentVault" */;
			developmentRegion = en;
			hasScannedForEncodings = 0;
			knownRegions = (
				en,
				Base,
			);
			mainGroup = D1903DFC2E30D614003C066C;
			minimizedProjectReferenceProxies = 1;
			packageReferences = (
				A76B81182FA4624700ADD7F0 /* XCRemoteSwiftPackageReference "couchbase-lite-vector-search-spm" */,
				A76B81262FA4679A00ADD7F0 /* XCRemoteSwiftPackageReference "couchbase-lite-swift-ee" */,
			);
			preferredProjectObjectVersion = 77;
			productRefGroup = D1903E062E30D614003C066C /* Products */;
			projectDirPath = "";
			projectRoot = "";
			targets = (
				D1903E042E30D614003C066C /* DocumentVault */,
				D1903E112E30D615003C066C /* DocumentVaultTests */,
				D1903E1B2E30D615003C066C /* DocumentVaultUITests */,
			);
		};
/* End PBXProject section */

/* Begin PBXResourcesBuildPhase section */
		D1903E032E30D614003C066C /* Resources */ = {
			isa = PBXResourcesBuildPhase;
			buildActionMask = 2147483647;
			files = (
			);
			runOnlyForDeploymentPostprocessing = 0;
		};
		D1903E102E30D615003C066C /* Resources */ = {
			isa = PBXResourcesBuildPhase;
			buildActionMask = 2147483647;
			files = (
			);
			runOnlyForDeploymentPostprocessing = 0;
		};
		D1903E1A2E30D615003C066C /* Resources */ = {
			isa = PBXResourcesBuildPhase;
			buildActionMask = 2147483647;
			files = (
			);
			runOnlyForDeploymentPostprocessing = 0;
		};
/* End PBXResourcesBuildPhase section */

/* Begin PBXSourcesBuildPhase section */
		D1903E012E30D614003C066C /* Sources */ = {
			isa = PBXSourcesBuildPhase;
			buildActionMask = 2147483647;
			files = (
			);
			runOnlyForDeploymentPostprocessing = 0;
		};
		D1903E0E2E30D615003C066C /* Sources */ = {
			isa = PBXSourcesBuildPhase;
			buildActionMask = 2147483647;
			files = (
			);
			runOnlyForDeploymentPostprocessing = 0;
		};
		D1903E182E30D615003C066C /* Sources */ = {
			isa = PBXSourcesBuildPhase;
			buildActionMask = 2147483647;
			files = (
			);
			runOnlyForDeploymentPostprocessing = 0;
		};
/* End PBXSourcesBuildPhase section */

/* Begin PBXTargetDependency section */
		D1903E142E30D615003C066C /* PBXTargetDependency */ = {
			isa = PBXTargetDependency;
			target = D1903E042E30D614003C066C /* DocumentVault */;
			targetProxy = D1903E132E30D615003C066C /* PBXContainerItemProxy */;
		};
		D1903E1E2E30D615003C066C /* PBXTargetDependency */ = {
			isa = PBXTargetDependency;
			target = D1903E042E30D614003C066C /* DocumentVault */;
			targetProxy = D1903E1D2E30D615003C066C /* PBXContainerItemProxy */;
		};
/* End PBXTargetDependency section */

/* Begin XCBuildConfiguration section */
		D1903E242E30D615003C066C /* Debug */ = {
			isa = XCBuildConfiguration;
			buildSettings = {
				ALWAYS_SEARCH_USER_PATHS = NO;
				ASSETCATALOG_COMPILER_GENERATE_SWIFT_ASSET_SYMBOL_EXTENSIONS = YES;
				CLANG_ANALYZER_NONNULL = YES;
				CLANG_ANALYZER_NUMBER_OBJECT_CONVERSION = YES_AGGRESSIVE;
				CLANG_CXX_LANGUAGE_STANDARD = "gnu++20";
				CLANG_ENABLE_MODULES = YES;
				CLANG_ENABLE_OBJC_ARC = YES;
				CLANG_ENABLE_OBJC_WEAK = YES;
				CLANG_WARN_BLOCK_CAPTURE_AUTORELEASING = YES;
				CLANG_WARN_BOOL_CONVERSION = YES;
				CLANG_WARN_COMMA = YES;
				CLANG_WARN_CONSTANT_CONVERSION = YES;
				CLANG_WARN_DEPRECATED_OBJC_IMPLEMENTATIONS = YES;
				CLANG_WARN_DIRECT_OBJC_ISA_USAGE = YES_ERROR;
				CLANG_WARN_DOCUMENTATION_COMMENTS = YES;
				CLANG_WARN_EMPTY_BODY = YES;
				CLANG_WARN_ENUM_CONVERSION = YES;
				CLANG_WARN_INFINITE_RECURSION = YES;
				CLANG_WARN_INT_CONVERSION = YES;
				CLANG_WARN_NON_LITERAL_NULL_CONVERSION = YES;
				CLANG_WARN_OBJC_IMPLICIT_RETAIN_SELF = YES;
				CLANG_WARN_OBJC_LITERAL_CONVERSION = YES;
				CLANG_WARN_OBJC_ROOT_CLASS = YES_ERROR;
				CLANG_WARN_QUOTED_INCLUDE_IN_FRAMEWORK_HEADER = YES;
				CLANG_WARN_RANGE_LOOP_ANALYSIS = YES;
				CLANG_WARN_STRICT_PROTOTYPES = YES;
				CLANG_WARN_SUSPICIOUS_MOVE = YES;
				CLANG_WARN_UNGUARDED_AVAILABILITY = YES_AGGRESSIVE;
				CLANG_WARN_UNREACHABLE_CODE = YES;
				CLANG_WARN__DUPLICATE_METHOD_MATCH = YES;
				COPY_PHASE_STRIP = NO;
				DEBUG_INFORMATION_FORMAT = dwarf;
				DEVELOPMENT_TEAM = DFQY8NB65M;
				ENABLE_STRICT_OBJC_MSGSEND = YES;
				ENABLE_TESTABILITY = YES;
				ENABLE_USER_SCRIPT_SANDBOXING = YES;
				GCC_C_LANGUAGE_STANDARD = gnu17;
				GCC_DYNAMIC_NO_PIC = NO;
				GCC_NO_COMMON_BLOCKS = YES;
				GCC_OPTIMIZATION_LEVEL = 0;
				GCC_PREPROCESSOR_DEFINITIONS = (
					"DEBUG=1",
					"$(inherited)",
				);
				GCC_WARN_64_TO_32_BIT_CONVERSION = YES;
				GCC_WARN_ABOUT_RETURN_TYPE = YES_ERROR;
				GCC_WARN_UNDECLARED_SELECTOR = YES;
				GCC_WARN_UNINITIALIZED_AUTOS = YES_AGGRESSIVE;
				GCC_WARN_UNUSED_FUNCTION = YES;
				GCC_WARN_UNUSED_VARIABLE = YES;
				IPHONEOS_DEPLOYMENT_TARGET = 18.5;
				LOCALIZATION_PREFERS_STRING_CATALOGS = YES;
				MTL_ENABLE_DEBUG_INFO = INCLUDE_SOURCE;
				MTL_FAST_MATH = YES;
				ONLY_ACTIVE_ARCH = YES;
				SDKROOT = iphoneos;
				STRING_CATALOG_GENERATE_SYMBOLS = YES;
				SWIFT_ACTIVE_COMPILATION_CONDITIONS = "DEBUG $(inherited)";
				SWIFT_OPTIMIZATION_LEVEL = "-Onone";
			};
			name = Debug;
		};
		D1903E252E30D615003C066C /* Release */ = {
			isa = XCBuildConfiguration;
			buildSettings = {
				ALWAYS_SEARCH_USER_PATHS = NO;
				ASSETCATALOG_COMPILER_GENERATE_SWIFT_ASSET_SYMBOL_EXTENSIONS = YES;
				CLANG_ANALYZER_NONNULL = YES;
				CLANG_ANALYZER_NUMBER_OBJECT_CONVERSION = YES_AGGRESSIVE;
				CLANG_CXX_LANGUAGE_STANDARD = "gnu++20";
				CLANG_ENABLE_MODULES = YES;
				CLANG_ENABLE_OBJC_ARC = YES;
				CLANG_ENABLE_OBJC_WEAK = YES;
				CLANG_WARN_BLOCK_CAPTURE_AUTORELEASING = YES;
				CLANG_WARN_BOOL_CONVERSION = YES;
				CLANG_WARN_COMMA = YES;
				CLANG_WARN_CONSTANT_CONVERSION = YES;
				CLANG_WARN_DEPRECATED_OBJC_IMPLEMENTATIONS = YES;
				CLANG_WARN_DIRECT_OBJC_ISA_USAGE = YES_ERROR;
				CLANG_WARN_DOCUMENTATION_COMMENTS = YES;
				CLANG_WARN_EMPTY_BODY = YES;
				CLANG_WARN_ENUM_CONVERSION = YES;
				CLANG_WARN_INFINITE_RECURSION = YES;
				CLANG_WARN_INT_CONVERSION = YES;
				CLANG_WARN_NON_LITERAL_NULL_CONVERSION = YES;
				CLANG_WARN_OBJC_IMPLICIT_RETAIN_SELF = YES;
				CLANG_WARN_OBJC_LITERAL_CONVERSION = YES;
				CLANG_WARN_OBJC_ROOT_CLASS = YES_ERROR;
				CLANG_WARN_QUOTED_INCLUDE_IN_FRAMEWORK_HEADER = YES;
				CLANG_WARN_RANGE_LOOP_ANALYSIS = YES;
				CLANG_WARN_STRICT_PROTOTYPES = YES;
				CLANG_WARN_SUSPICIOUS_MOVE = YES;
				CLANG_WARN_UNGUARDED_AVAILABILITY = YES_AGGRESSIVE;
				CLANG_WARN_UNREACHABLE_CODE = YES;
				CLANG_WARN__DUPLICATE_METHOD_MATCH = YES;
				COPY_PHASE_STRIP = NO;
				DEBUG_INFORMATION_FORMAT = "dwarf-with-dsym";
				DEVELOPMENT_TEAM = DFQY8NB65M;
				ENABLE_NS_ASSERTIONS = NO;
				ENABLE_STRICT_OBJC_MSGSEND = YES;
				ENABLE_USER_SCRIPT_SANDBOXING = YES;
				GCC_C_LANGUAGE_STANDARD = gnu17;
				GCC_NO_COMMON_BLOCKS = YES;
				GCC_WARN_64_TO_32_BIT_CONVERSION = YES;
				GCC_WARN_ABOUT_RETURN_TYPE = YES_ERROR;
				GCC_WARN_UNDECLARED_SELECTOR = YES;
				GCC_WARN_UNINITIALIZED_AUTOS = YES_AGGRESSIVE;
				GCC_WARN_UNUSED_FUNCTION = YES;
				GCC_WARN_UNUSED_VARIABLE = YES;
				IPHONEOS_DEPLOYMENT_TARGET = 18.5;
				LOCALIZATION_PREFERS_STRING_CATALOGS = YES;
				MTL_ENABLE_DEBUG_INFO = NO;
				MTL_FAST_MATH = YES;
				SDKROOT = iphoneos;
				STRING_CATALOG_GENERATE_SYMBOLS = YES;
				SWIFT_COMPILATION_MODE = wholemodule;
				VALIDATE_PRODUCT = YES;
			};
			name = Release;
		};
		D1903E272E30D615003C066C /* Debug */ = {
			isa = XCBuildConfiguration;
			buildSettings = {
				ASSETCATALOG_COMPILER_APPICON_NAME = AppIcon;
				ASSETCATALOG_COMPILER_GLOBAL_ACCENT_COLOR_NAME = AccentColor;
				CODE_SIGN_STYLE = Automatic;
				CURRENT_PROJECT_VERSION = 1;
				DEVELOPMENT_TEAM = 945G33FMRG;
				ENABLE_PREVIEWS = YES;
				GENERATE_INFOPLIST_FILE = YES;
				INFOPLIST_FILE = DocumentVault/Info.plist;
				INFOPLIST_KEY_CFBundleDisplayName = "Document Vault Demo ";
				INFOPLIST_KEY_NSCameraUsageDescription = "DocumentVault needs access to your camera to scan documents. We use the camera to capture photos that are processed locally on your device to identify and classify data related to a matter and/or cases";
				INFOPLIST_KEY_NSLocalNetworkUsageDescription = "DocumentVault uses the local network to synchronize your grocery inventory with other devices in your area. This enables real-time P2P sync between multiple devices using the same app.";
				INFOPLIST_KEY_NSMicrophoneUsageDescription = "DocumentVault uses the microphone to capture voice";
				INFOPLIST_KEY_NSSpeechRecognitionUsageDescription = "DocumentVault uses on-device speech recognition to transcribe audio and video files for search indexing.";
				INFOPLIST_KEY_UIApplicationSceneManifest_Generation = YES;
				INFOPLIST_KEY_UIApplicationSupportsIndirectInputEvents = YES;
				INFOPLIST_KEY_UILaunchScreen_Generation = YES;
				INFOPLIST_KEY_UISupportedInterfaceOrientations_iPad = "UIInterfaceOrientationPortrait UIInterfaceOrientationPortraitUpsideDown UIInterfaceOrientationLandscapeLeft UIInterfaceOrientationLandscapeRight";
				INFOPLIST_KEY_UISupportedInterfaceOrientations_iPhone = "UIInterfaceOrientationPortrait UIInterfaceOrientationLandscapeLeft UIInterfaceOrientationLandscapeRight";
				LD_RUNPATH_SEARCH_PATHS = (
					"$(inherited)",
					"@executable_path/Frameworks",
				);
				MARKETING_VERSION = 1.0;
				PRODUCT_BUNDLE_IDENTIFIER = com.couchbase.DocumentVault;
				PRODUCT_NAME = "$(TARGET_NAME)";
				SWIFT_EMIT_LOC_STRINGS = YES;
				SWIFT_VERSION = 5.0;
				TARGETED_DEVICE_FAMILY = "1,2";
			};
			name = Debug;
		};
		D1903E282E30D615003C066C /* Release */ = {
			isa = XCBuildConfiguration;
			buildSettings = {
				ASSETCATALOG_COMPILER_APPICON_NAME = AppIcon;
				ASSETCATALOG_COMPILER_GLOBAL_ACCENT_COLOR_NAME = AccentColor;
				CODE_SIGN_STYLE = Automatic;
				CURRENT_PROJECT_VERSION = 1;
				DEVELOPMENT_TEAM = 945G33FMRG;
				ENABLE_PREVIEWS = YES;
				GENERATE_INFOPLIST_FILE = YES;
				INFOPLIST_FILE = DocumentVault/Info.plist;
				INFOPLIST_KEY_CFBundleDisplayName = "Document Vault Demo ";
				INFOPLIST_KEY_NSCameraUsageDescription = "DocumentVault needs access to your camera to scan documents. We use the camera to capture photos that are processed locally on your device to identify and classify data related to a matter and/or cases";
				INFOPLIST_KEY_NSLocalNetworkUsageDescription = "DocumentVault uses the local network to synchronize your grocery inventory with other devices in your area. This enables real-time P2P sync between multiple devices using the same app.";
				INFOPLIST_KEY_NSMicrophoneUsageDescription = "DocumentVault uses the microphone to capture voice";
				INFOPLIST_KEY_NSSpeechRecognitionUsageDescription = "DocumentVault uses on-device speech recognition to transcribe audio and video files for search indexing.";
				INFOPLIST_KEY_UIApplicationSceneManifest_Generation = YES;
				INFOPLIST_KEY_UIApplicationSupportsIndirectInputEvents = YES;
				INFOPLIST_KEY_UILaunchScreen_Generation = YES;
				INFOPLIST_KEY_UISupportedInterfaceOrientations_iPad = "UIInterfaceOrientationPortrait UIInterfaceOrientationPortraitUpsideDown UIInterfaceOrientationLandscapeLeft UIInterfaceOrientationLandscapeRight";
				INFOPLIST_KEY_UISupportedInterfaceOrientations_iPhone = "UIInterfaceOrientationPortrait UIInterfaceOrientationLandscapeLeft UIInterfaceOrientationLandscapeRight";
				LD_RUNPATH_SEARCH_PATHS = (
					"$(inherited)",
					"@executable_path/Frameworks",
				);
				MARKETING_VERSION = 1.0;
				PRODUCT_BUNDLE_IDENTIFIER = com.couchbase.DocumentVault;
				PRODUCT_NAME = "$(TARGET_NAME)";
				SWIFT_EMIT_LOC_STRINGS = YES;
				SWIFT_VERSION = 5.0;
				TARGETED_DEVICE_FAMILY = "1,2";
			};
			name = Release;
		};
		D1903E2A2E30D615003C066C /* Debug */ = {
			isa = XCBuildConfiguration;
			buildSettings = {
				BUNDLE_LOADER = "$(TEST_HOST)";
				CODE_SIGN_STYLE = Automatic;
				CURRENT_PROJECT_VERSION = 1;
				DEVELOPMENT_TEAM = DFQY8NB65M;
				GENERATE_INFOPLIST_FILE = YES;
				IPHONEOS_DEPLOYMENT_TARGET = 18.5;
				MARKETING_VERSION = 1.0;
				PRODUCT_BUNDLE_IDENTIFIER = com.couchbase.DocumentVaultTests;
				PRODUCT_NAME = "$(TARGET_NAME)";
				SWIFT_EMIT_LOC_STRINGS = NO;
				SWIFT_VERSION = 5.0;
				TARGETED_DEVICE_FAMILY = "1,2";
				TEST_HOST = "$(BUILT_PRODUCTS_DIR)/DocumentVault.app/$(BUNDLE_EXECUTABLE_FOLDER_PATH)/DocumentVault";
			};
			name = Debug;
		};
		D1903E2B2E30D615003C066C /* Release */ = {
			isa = XCBuildConfiguration;
			buildSettings = {
				BUNDLE_LOADER = "$(TEST_HOST)";
				CODE_SIGN_STYLE = Automatic;
				CURRENT_PROJECT_VERSION = 1;
				DEVELOPMENT_TEAM = DFQY8NB65M;
				GENERATE_INFOPLIST_FILE = YES;
				IPHONEOS_DEPLOYMENT_TARGET = 18.5;
				MARKETING_VERSION = 1.0;
				PRODUCT_BUNDLE_IDENTIFIER = com.couchbase.DocumentVaultTests;
				PRODUCT_NAME = "$(TARGET_NAME)";
				SWIFT_EMIT_LOC_STRINGS = NO;
				SWIFT_VERSION = 5.0;
				TARGETED_DEVICE_FAMILY = "1,2";
				TEST_HOST = "$(BUILT_PRODUCTS_DIR)/DocumentVault.app/$(BUNDLE_EXECUTABLE_FOLDER_PATH)/DocumentVault";
			};
			name = Release;
		};
		D1903E2D2E30D615003C066C /* Debug */ = {
			isa = XCBuildConfiguration;
			buildSettings = {
				CODE_SIGN_STYLE = Automatic;
				CURRENT_PROJECT_VERSION = 1;
				DEVELOPMENT_TEAM = DFQY8NB65M;
				GENERATE_INFOPLIST_FILE = YES;
				MARKETING_VERSION = 1.0;
				PRODUCT_BUNDLE_IDENTIFIER = com.couchbase.DocumentVaultUITests;
				PRODUCT_NAME = "$(TARGET_NAME)";
				SWIFT_EMIT_LOC_STRINGS = NO;
				SWIFT_VERSION = 5.0;
				TARGETED_DEVICE_FAMILY = "1,2";
				TEST_TARGET_NAME = DocumentVault;
			};
			name = Debug;
		};
		D1903E2E2E30D615003C066C /* Release */ = {
			isa = XCBuildConfiguration;
			buildSettings = {
				CODE_SIGN_STYLE = Automatic;
				CURRENT_PROJECT_VERSION = 1;
				DEVELOPMENT_TEAM = DFQY8NB65M;
				GENERATE_INFOPLIST_FILE = YES;
				MARKETING_VERSION = 1.0;
				PRODUCT_BUNDLE_IDENTIFIER = com.couchbase.DocumentVaultUITests;
				PRODUCT_NAME = "$(TARGET_NAME)";
				SWIFT_EMIT_LOC_STRINGS = NO;
				SWIFT_VERSION = 5.0;
				TARGETED_DEVICE_FAMILY = "1,2";
				TEST_TARGET_NAME = DocumentVault;
			};
			name = Release;
		};
/* End XCBuildConfiguration section */

/* Begin XCConfigurationList section */
		D1903E002E30D614003C066C /* Build configuration list for PBXProject "DocumentVault" */ = {
			isa = XCConfigurationList;
			buildConfigurations = (
				D1903E242E30D615003C066C /* Debug */,
				D1903E252E30D615003C066C /* Release */,
			);
			defaultConfigurationIsVisible = 0;
			defaultConfigurationName = Release;
		};
		D1903E262E30D615003C066C /* Build configuration list for PBXNativeTarget "DocumentVault" */ = {
			isa = XCConfigurationList;
			buildConfigurations = (
				D1903E272E30D615003C066C /* Debug */,
				D1903E282E30D615003C066C /* Release */,
			);
			defaultConfigurationIsVisible = 0;
			defaultConfigurationName = Release;
		};
		D1903E292E30D615003C066C /* Build configuration list for PBXNativeTarget "DocumentVaultTests" */ = {
			isa = XCConfigurationList;
			buildConfigurations = (
				D1903E2A2E30D615003C066C /* Debug */,
				D1903E2B2E30D615003C066C /* Release */,
			);
			defaultConfigurationIsVisible = 0;
			defaultConfigurationName = Release;
		};
		D1903E2C2E30D615003C066C /* Build configuration list for PBXNativeTarget "DocumentVaultUITests" */ = {
			isa = XCConfigurationList;
			buildConfigurations = (
				D1903E2D2E30D615003C066C /* Debug */,
				D1903E2E2E30D615003C066C /* Release */,
			);
			defaultConfigurationIsVisible = 0;
			defaultConfigurationName = Release;
		};
/* End XCConfigurationList section */

/* Begin XCRemoteSwiftPackageReference section */
		A76B81182FA4624700ADD7F0 /* XCRemoteSwiftPackageReference "couchbase-lite-vector-search-spm" */ = {
			isa = XCRemoteSwiftPackageReference;
			repositoryURL = "https://github.com/couchbase/couchbase-lite-vector-search-spm.git";
			requirement = {
				kind = upToNextMajorVersion;
				minimumVersion = 2.0.0;
			};
		};
		A76B81262FA4679A00ADD7F0 /* XCRemoteSwiftPackageReference "couchbase-lite-swift-ee" */ = {
			isa = XCRemoteSwiftPackageReference;
			repositoryURL = "https://github.com/couchbase/couchbase-lite-swift-ee.git";
			requirement = {
				kind = upToNextMajorVersion;
				minimumVersion = 4.1.0;
			};
		};
/* End XCRemoteSwiftPackageReference section */

/* Begin XCSwiftPackageProductDependency section */
		A76B81272FA4679A00ADD7F0 /* CouchbaseLiteSwift */ = {
			isa = XCSwiftPackageProductDependency;
			package = A76B81262FA4679A00ADD7F0 /* XCRemoteSwiftPackageReference "couchbase-lite-swift-ee" */;
			productName = CouchbaseLiteSwift;
		};
		A76B81292FA467A500ADD7F0 /* CouchbaseLiteVectorSearch */ = {
			isa = XCSwiftPackageProductDependency;
			package = A76B81182FA4624700ADD7F0 /* XCRemoteSwiftPackageReference "couchbase-lite-vector-search-spm" */;
			productName = CouchbaseLiteVectorSearch;
		};
/* End XCSwiftPackageProductDependency section */
	};
	rootObject = D1903DFD2E30D614003C066C /* Project object */;
}
